// !$*UTF8*$!
{
	archiveVersion = 1;
	classes = {
	};
	objectVersion = 55;
	objects = {

/* Begin PBXBuildFile section */
		8A7C70B329B5A5B80068178D /* MidiParser.swift in Sources */ = {isa = PBXBuildFile; fileRef = 8A7C70B229B5A5B80068178D /* MidiParser.swift */; };
		8A7C70B929B5BDBA0068178D /* MIDIMonitorConductor.swift in Sources */ = {isa = PBXBuildFile; fileRef = 8A7C70B829B5BDBA0068178D /* MIDIMonitorConductor.swift */; };
		8A7C70BB29B5BDE90068178D /* MIDIMonitorData.swift in Sources */ = {isa = PBXBuildFile; fileRef = 8A7C70BA29B5BDE90068178D /* MIDIMonitorData.swift */; };
		8A7C70BD29B5BE100068178D /* MIDIMonitorConductorExtension.swift in Sources */ = {isa = PBXBuildFile; fileRef = 8A7C70BC29B5BE100068178D /* MIDIMonitorConductorExtension.swift */; };
		8A7C70C029B5C2C50068178D /* VisualAssistans.swift in Sources */ = {isa = PBXBuildFile; fileRef = 8A7C70BF29B5C2C50068178D /* VisualAssistans.swift */; };
		8A7C70C429B60E790068178D /* leftHand.mid in Resources */ = {isa = PBXBuildFile; fileRef = 8A7C70C329B60E790068178D /* leftHand.mid */; };
		8A7C70C629B60E840068178D /* rightHand.mid in Resources */ = {isa = PBXBuildFile; fileRef = 8A7C70C529B60E840068178D /* rightHand.mid */; };
		8A7C70C829B60EE00068178D /* Keyboard.swift in Sources */ = {isa = PBXBuildFile; fileRef = 8A7C70C729B60EE00068178D /* Keyboard.swift */; };
		8A7C70CB29B628990068178D /* ButtonTapped.swift in Sources */ = {isa = PBXBuildFile; fileRef = 8A7C70CA29B628990068178D /* ButtonTapped.swift */; };
		8A7C70CE29B628D70068178D /* ButtonAnimation.swift in Sources */ = {isa = PBXBuildFile; fileRef = 8A7C70CD29B628D70068178D /* ButtonAnimation.swift */; };
		8A7C70DA29B703340068178D /* SnapKit in Frameworks */ = {isa = PBXBuildFile; productRef = 8A7C70D929B703340068178D /* SnapKit */; };
		8A7C70E029B706940068178D /* sonata_dlya_fortepiano_14_-_lunnaya_sonata.midi in Resources */ = {isa = PBXBuildFile; fileRef = 8A7C70DF29B706940068178D /* sonata_dlya_fortepiano_14_-_lunnaya_sonata.midi */; };
		8A7C70E229B709770068178D /* Sounds in Resources */ = {isa = PBXBuildFile; fileRef = 8A7C70E129B709760068178D /* Sounds */; };
		D93813E3297B10E100A0A3DF /* AppDelegate.swift in Sources */ = {isa = PBXBuildFile; fileRef = D93813E2297B10E100A0A3DF /* AppDelegate.swift */; };
		D93813E7297B10E100A0A3DF /* ViewController.swift in Sources */ = {isa = PBXBuildFile; fileRef = D93813E6297B10E100A0A3DF /* ViewController.swift */; };
		D93813EA297B10E100A0A3DF /* Main.storyboard in Resources */ = {isa = PBXBuildFile; fileRef = D93813E8297B10E100A0A3DF /* Main.storyboard */; };
		D93813EC297B10E500A0A3DF /* Assets.xcassets in Resources */ = {isa = PBXBuildFile; fileRef = D93813EB297B10E500A0A3DF /* Assets.xcassets */; };
		D93813EF297B10E500A0A3DF /* LaunchScreen.storyboard in Resources */ = {isa = PBXBuildFile; fileRef = D93813ED297B10E500A0A3DF /* LaunchScreen.storyboard */; };
		D93813F9297B12EB00A0A3DF /* MidiParser in Frameworks */ = {isa = PBXBuildFile; productRef = D93813F8297B12EB00A0A3DF /* MidiParser */; };
		D93813FC297B13C600A0A3DF /* AudioKit in Frameworks */ = {isa = PBXBuildFile; productRef = D93813FB297B13C600A0A3DF /* AudioKit */; };
		D93813FE297B155300A0A3DF /* SceneDelegate.swift in Sources */ = {isa = PBXBuildFile; fileRef = D93813FD297B155300A0A3DF /* SceneDelegate.swift */; };
/* End PBXBuildFile section */

/* Begin PBXFileReference section */
		8A7C70B229B5A5B80068178D /* MidiParser.swift */ = {isa = PBXFileReference; lastKnownFileType = sourcecode.swift; name = MidiParser.swift; path = LearnPiano/Modules/MidiParser.swift; sourceTree = SOURCE_ROOT; };
		8A7C70B829B5BDBA0068178D /* MIDIMonitorConductor.swift */ = {isa = PBXFileReference; lastKnownFileType = sourcecode.swift; path = MIDIMonitorConductor.swift; sourceTree = "<group>"; };
		8A7C70BA29B5BDE90068178D /* MIDIMonitorData.swift */ = {isa = PBXFileReference; lastKnownFileType = sourcecode.swift; path = MIDIMonitorData.swift; sourceTree = "<group>"; };
		8A7C70BC29B5BE100068178D /* MIDIMonitorConductorExtension.swift */ = {isa = PBXFileReference; lastKnownFileType = sourcecode.swift; path = MIDIMonitorConductorExtension.swift; sourceTree = "<group>"; };
		8A7C70BF29B5C2C50068178D /* VisualAssistans.swift */ = {isa = PBXFileReference; lastKnownFileType = sourcecode.swift; path = VisualAssistans.swift; sourceTree = "<group>"; };
		8A7C70C329B60E790068178D /* leftHand.mid */ = {isa = PBXFileReference; lastKnownFileType = audio.midi; path = leftHand.mid; sourceTree = "<group>"; };
		8A7C70C529B60E840068178D /* rightHand.mid */ = {isa = PBXFileReference; lastKnownFileType = audio.midi; path = rightHand.mid; sourceTree = "<group>"; };
		8A7C70C729B60EE00068178D /* Keyboard.swift */ = {isa = PBXFileReference; lastKnownFileType = sourcecode.swift; path = Keyboard.swift; sourceTree = "<group>"; };
		8A7C70CA29B628990068178D /* ButtonTapped.swift */ = {isa = PBXFileReference; lastKnownFileType = sourcecode.swift; path = ButtonTapped.swift; sourceTree = "<group>"; };
		8A7C70CD29B628D70068178D /* ButtonAnimation.swift */ = {isa = PBXFileReference; lastKnownFileType = sourcecode.swift; path = ButtonAnimation.swift; sourceTree = "<group>"; };
		8A7C70DF29B706940068178D /* sonata_dlya_fortepiano_14_-_lunnaya_sonata.midi */ = {isa = PBXFileReference; lastKnownFileType = audio.midi; path = "sonata_dlya_fortepiano_14_-_lunnaya_sonata.midi"; sourceTree = "<group>"; };
		8A7C70E129B709760068178D /* Sounds */ = {isa = PBXFileReference; lastKnownFileType = folder; path = Sounds; sourceTree = "<group>"; };
		D93813DF297B10E100A0A3DF /* LearnPiano.app */ = {isa = PBXFileReference; explicitFileType = wrapper.application; includeInIndex = 0; path = LearnPiano.app; sourceTree = BUILT_PRODUCTS_DIR; };
		D93813E2297B10E100A0A3DF /* AppDelegate.swift */ = {isa = PBXFileReference; lastKnownFileType = sourcecode.swift; path = AppDelegate.swift; sourceTree = "<group>"; };
		D93813E6297B10E100A0A3DF /* ViewController.swift */ = {isa = PBXFileReference; lastKnownFileType = sourcecode.swift; path = ViewController.swift; sourceTree = "<group>"; };
		D93813E9297B10E100A0A3DF /* Base */ = {isa = PBXFileReference; lastKnownFileType = file.storyboard; name = Base; path = Base.lproj/Main.storyboard; sourceTree = "<group>"; };
		D93813EB297B10E500A0A3DF /* Assets.xcassets */ = {isa = PBXFileReference; lastKnownFileType = folder.assetcatalog; path = Assets.xcassets; sourceTree = "<group>"; };
		D93813EE297B10E500A0A3DF /* Base */ = {isa = PBXFileReference; lastKnownFileType = file.storyboard; name = Base; path = Base.lproj/LaunchScreen.storyboard; sourceTree = "<group>"; };
		D93813F0297B10E500A0A3DF /* Info.plist */ = {isa = PBXFileReference; lastKnownFileType = text.plist.xml; path = Info.plist; sourceTree = "<group>"; };
		D93813F6297B10FB00A0A3DF /* LearnPiano.entitlements */ = {isa = PBXFileReference; lastKnownFileType = text.plist.entitlements; path = LearnPiano.entitlements; sourceTree = "<group>"; };
		D93813FD297B155300A0A3DF /* SceneDelegate.swift */ = {isa = PBXFileReference; fileEncoding = 4; lastKnownFileType = sourcecode.swift; path = SceneDelegate.swift; sourceTree = "<group>"; };
/* End PBXFileReference section */

/* Begin PBXFrameworksBuildPhase section */
		D93813DC297B10E100A0A3DF /* Frameworks */ = {
			isa = PBXFrameworksBuildPhase;
			buildActionMask = 2147483647;
			files = (
				8A7C70DA29B703340068178D /* SnapKit in Frameworks */,
				D93813FC297B13C600A0A3DF /* AudioKit in Frameworks */,
				D93813F9297B12EB00A0A3DF /* MidiParser in Frameworks */,
			);
			runOnlyForDeploymentPostprocessing = 0;
		};
/* End PBXFrameworksBuildPhase section */

/* Begin PBXGroup section */
		8A7C70B629B5A6060068178D /* Resources */ = {
			isa = PBXGroup;
			children = (
				8A7C70DF29B706940068178D /* sonata_dlya_fortepiano_14_-_lunnaya_sonata.midi */,
				8A7C70C329B60E790068178D /* leftHand.mid */,
				8A7C70C529B60E840068178D /* rightHand.mid */,
			);
			path = Resources;
			sourceTree = "<group>";
		};
		8A7C70B729B5BBBA0068178D /* MIDI */ = {
			isa = PBXGroup;
			children = (
				8A7C70B829B5BDBA0068178D /* MIDIMonitorConductor.swift */,
				8A7C70BA29B5BDE90068178D /* MIDIMonitorData.swift */,
				8A7C70BC29B5BE100068178D /* MIDIMonitorConductorExtension.swift */,
			);
			path = MIDI;
			sourceTree = "<group>";
		};
		8A7C70BE29B5C29B0068178D /* View */ = {
			isa = PBXGroup;
			children = (
				8A7C70BF29B5C2C50068178D /* VisualAssistans.swift */,
				8A7C70C729B60EE00068178D /* Keyboard.swift */,
			);
			path = View;
			sourceTree = "<group>";
		};
		8A7C70C929B628740068178D /* ButtonAction */ = {
			isa = PBXGroup;
			children = (
				8A7C70CA29B628990068178D /* ButtonTapped.swift */,
			);
			path = ButtonAction;
			sourceTree = "<group>";
		};
		8A7C70CC29B628BF0068178D /* ButtonExtension */ = {
			isa = PBXGroup;
			children = (
				8A7C70CD29B628D70068178D /* ButtonAnimation.swift */,
			);
			path = ButtonExtension;
			sourceTree = "<group>";
		};
		D93813D6297B10E100A0A3DF = {
			isa = PBXGroup;
			children = (
				D93813E1297B10E100A0A3DF /* LearnPiano */,
				D93813E0297B10E100A0A3DF /* Products */,
			);
			sourceTree = "<group>";
		};
		D93813E0297B10E100A0A3DF /* Products */ = {
			isa = PBXGroup;
			children = (
				D93813DF297B10E100A0A3DF /* LearnPiano.app */,
			);
			name = Products;
			sourceTree = "<group>";
		};
		D93813E1297B10E100A0A3DF /* LearnPiano */ = {
			isa = PBXGroup;
			children = (
				8A7C70E129B709760068178D /* Sounds */,
				8A7C70CC29B628BF0068178D /* ButtonExtension */,
				8A7C70C929B628740068178D /* ButtonAction */,
				D9381400297B15F600A0A3DF /* Services */,
				8A7C70B629B5A6060068178D /* Resources */,
				D93813FF297B15E600A0A3DF /* Modules */,
				8A7C70BE29B5C29B0068178D /* View */,
				D93813F6297B10FB00A0A3DF /* LearnPiano.entitlements */,
				D93813E2297B10E100A0A3DF /* AppDelegate.swift */,
				D93813FD297B155300A0A3DF /* SceneDelegate.swift */,
				D93813E8297B10E100A0A3DF /* Main.storyboard */,
				D93813EB297B10E500A0A3DF /* Assets.xcassets */,
				D93813ED297B10E500A0A3DF /* LaunchScreen.storyboard */,
				D93813F0297B10E500A0A3DF /* Info.plist */,
			);
			path = LearnPiano;
			sourceTree = "<group>";
		};
		D93813FF297B15E600A0A3DF /* Modules */ = {
			isa = PBXGroup;
			children = (
				D93813E6297B10E100A0A3DF /* ViewController.swift */,
			);
			path = Modules;
			sourceTree = "<group>";
		};
		D9381400297B15F600A0A3DF /* Services */ = {
			isa = PBXGroup;
			children = (
				8A7C70B729B5BBBA0068178D /* MIDI */,
				8A7C70B229B5A5B80068178D /* MidiParser.swift */,
			);
			path = Services;
			sourceTree = "<group>";
		};
/* End PBXGroup section */

/* Begin PBXNativeTarget section */
		D93813DE297B10E100A0A3DF /* LearnPiano */ = {
			isa = PBXNativeTarget;
			buildConfigurationList = D93813F3297B10E500A0A3DF /* Build configuration list for PBXNativeTarget "LearnPiano" */;
			buildPhases = (
				D93813DB297B10E100A0A3DF /* Sources */,
				D93813DC297B10E100A0A3DF /* Frameworks */,
				D93813DD297B10E100A0A3DF /* Resources */,
			);
			buildRules = (
			);
			dependencies = (
			);
			name = LearnPiano;
			packageProductDependencies = (
				D93813F8297B12EB00A0A3DF /* MidiParser */,
				D93813FB297B13C600A0A3DF /* AudioKit */,
				8A7C70D929B703340068178D /* SnapKit */,
			);
			productName = LearnPiano;
			productReference = D93813DF297B10E100A0A3DF /* LearnPiano.app */;
			productType = "com.apple.product-type.application";
		};
/* End PBXNativeTarget section */

/* Begin PBXProject section */
		D93813D7297B10E100A0A3DF /* Project object */ = {
			isa = PBXProject;
			attributes = {
				BuildIndependentTargetsInParallel = 1;
				LastSwiftUpdateCheck = 1340;
				LastUpgradeCheck = 1340;
				TargetAttributes = {
					D93813DE297B10E100A0A3DF = {
						CreatedOnToolsVersion = 13.4.1;
					};
				};
			};
			buildConfigurationList = D93813DA297B10E100A0A3DF /* Build configuration list for PBXProject "LearnPiano" */;
			compatibilityVersion = "Xcode 13.0";
			developmentRegion = en;
			hasScannedForEncodings = 0;
			knownRegions = (
				en,
				Base,
			);
			mainGroup = D93813D6297B10E100A0A3DF;
			packageReferences = (
				D93813F7297B12EB00A0A3DF /* XCRemoteSwiftPackageReference "midiparser" */,
				D93813FA297B13C600A0A3DF /* XCRemoteSwiftPackageReference "AudioKit" */,
				8A7C70D829B703340068178D /* XCRemoteSwiftPackageReference "SnapKit" */,
			);
			productRefGroup = D93813E0297B10E100A0A3DF /* Products */;
			projectDirPath = "";
			projectRoot = "";
			targets = (
				D93813DE297B10E100A0A3DF /* LearnPiano */,
			);
		};
/* End PBXProject section */

/* Begin PBXResourcesBuildPhase section */
		D93813DD297B10E100A0A3DF /* Resources */ = {
			isa = PBXResourcesBuildPhase;
			buildActionMask = 2147483647;
			files = (
				D93813EF297B10E500A0A3DF /* LaunchScreen.storyboard in Resources */,
				8A7C70C629B60E840068178D /* rightHand.mid in Resources */,
				D93813EC297B10E500A0A3DF /* Assets.xcassets in Resources */,
				8A7C70E029B706940068178D /* sonata_dlya_fortepiano_14_-_lunnaya_sonata.midi in Resources */,
				8A7C70C429B60E790068178D /* leftHand.mid in Resources */,
				D93813EA297B10E100A0A3DF /* Main.storyboard in Resources */,
				8A7C70E229B709770068178D /* Sounds in Resources */,
			);
			runOnlyForDeploymentPostprocessing = 0;
		};
/* End PBXResourcesBuildPhase section */

/* Begin PBXSourcesBuildPhase section */
		D93813DB297B10E100A0A3DF /* Sources */ = {
			isa = PBXSourcesBuildPhase;
			buildActionMask = 2147483647;
			files = (
				8A7C70C829B60EE00068178D /* Keyboard.swift in Sources */,
				8A7C70CB29B628990068178D /* ButtonTapped.swift in Sources */,
				8A7C70BB29B5BDE90068178D /* MIDIMonitorData.swift in Sources */,
				8A7C70C029B5C2C50068178D /* VisualAssistans.swift in Sources */,
				8A7C70B929B5BDBA0068178D /* MIDIMonitorConductor.swift in Sources */,
				D93813E7297B10E100A0A3DF /* ViewController.swift in Sources */,
				D93813E3297B10E100A0A3DF /* AppDelegate.swift in Sources */,
				8A7C70CE29B628D70068178D /* ButtonAnimation.swift in Sources */,
				8A7C70B329B5A5B80068178D /* MidiParser.swift in Sources */,
				D93813FE297B155300A0A3DF /* SceneDelegate.swift in Sources */,
				8A7C70BD29B5BE100068178D /* MIDIMonitorConductorExtension.swift in Sources */,
			);
			runOnlyForDeploymentPostprocessing = 0;
		};
/* End PBXSourcesBuildPhase section */

/* Begin PBXVariantGroup section */
		D93813E8297B10E100A0A3DF /* Main.storyboard */ = {
			isa = PBXVariantGroup;
			children = (
				D93813E9297B10E100A0A3DF /* Base */,
			);
			name = Main.storyboard;
			sourceTree = "<group>";
		};
		D93813ED297B10E500A0A3DF /* LaunchScreen.storyboard */ = {
			isa = PBXVariantGroup;
			children = (
				D93813EE297B10E500A0A3DF /* Base */,
			);
			name = LaunchScreen.storyboard;
			sourceTree = "<group>";
		};
/* End PBXVariantGroup section */

/* Begin XCBuildConfiguration section */
		D93813F1297B10E500A0A3DF /* Debug */ = {
			isa = XCBuildConfiguration;
			buildSettings = {
				ALWAYS_SEARCH_USER_PATHS = NO;
				CLANG_ANALYZER_NONNULL = YES;
				CLANG_ANALYZER_NUMBER_OBJECT_CONVERSION = YES_AGGRESSIVE;
				CLANG_CXX_LANGUAGE_STANDARD = "gnu++17";
				CLANG_ENABLE_MODULES = YES;
				CLANG_ENABLE_OBJC_ARC = YES;
				CLANG_ENABLE_OBJC_WEAK = YES;
				CLANG_WARN_BLOCK_CAPTURE_AUTORELEASING = YES;
				CLANG_WARN_BOOL_CONVERSION = YES;
				CLANG_WARN_COMMA = YES;
				CLANG_WARN_CONSTANT_CONVERSION = YES;
				CLANG_WARN_DEPRECATED_OBJC_IMPLEMENTATIONS = YES;
				CLANG_WARN_DIRECT_OBJC_ISA_USAGE = YES_ERROR;
				CLANG_WARN_DOCUMENTATION_COMMENTS = YES;
				CLANG_WARN_EMPTY_BODY = YES;
				CLANG_WARN_ENUM_CONVERSION = YES;
				CLANG_WARN_INFINITE_RECURSION = YES;
				CLANG_WARN_INT_CONVERSION = YES;
				CLANG_WARN_NON_LITERAL_NULL_CONVERSION = YES;
				CLANG_WARN_OBJC_IMPLICIT_RETAIN_SELF = YES;
				CLANG_WARN_OBJC_LITERAL_CONVERSION = YES;
				CLANG_WARN_OBJC_ROOT_CLASS = YES_ERROR;
				CLANG_WARN_QUOTED_INCLUDE_IN_FRAMEWORK_HEADER = YES;
				CLANG_WARN_RANGE_LOOP_ANALYSIS = YES;
				CLANG_WARN_STRICT_PROTOTYPES = YES;
				CLANG_WARN_SUSPICIOUS_MOVE = YES;
				CLANG_WARN_UNGUARDED_AVAILABILITY = YES_AGGRESSIVE;
				CLANG_WARN_UNREACHABLE_CODE = YES;
				CLANG_WARN__DUPLICATE_METHOD_MATCH = YES;
				COPY_PHASE_STRIP = NO;
				DEBUG_INFORMATION_FORMAT = dwarf;
				ENABLE_STRICT_OBJC_MSGSEND = YES;
				ENABLE_TESTABILITY = YES;
				GCC_C_LANGUAGE_STANDARD = gnu11;
				GCC_DYNAMIC_NO_PIC = NO;
				GCC_NO_COMMON_BLOCKS = YES;
				GCC_OPTIMIZATION_LEVEL = 0;
				GCC_PREPROCESSOR_DEFINITIONS = (
					"DEBUG=1",
					"$(inherited)",
				);
				GCC_WARN_64_TO_32_BIT_CONVERSION = YES;
				GCC_WARN_ABOUT_RETURN_TYPE = YES_ERROR;
				GCC_WARN_UNDECLARED_SELECTOR = YES;
				GCC_WARN_UNINITIALIZED_AUTOS = YES_AGGRESSIVE;
				GCC_WARN_UNUSED_FUNCTION = YES;
				GCC_WARN_UNUSED_VARIABLE = YES;
				IPHONEOS_DEPLOYMENT_TARGET = 15.5;
				MTL_ENABLE_DEBUG_INFO = INCLUDE_SOURCE;
				MTL_FAST_MATH = YES;
				ONLY_ACTIVE_ARCH = YES;
				SDKROOT = iphoneos;
				SWIFT_ACTIVE_COMPILATION_CONDITIONS = DEBUG;
				SWIFT_OPTIMIZATION_LEVEL = "-Onone";
			};
			name = Debug;
		};
		D93813F2297B10E500A0A3DF /* Release */ = {
			isa = XCBuildConfiguration;
			buildSettings = {
				ALWAYS_SEARCH_USER_PATHS = NO;
				CLANG_ANALYZER_NONNULL = YES;
				CLANG_ANALYZER_NUMBER_OBJECT_CONVERSION = YES_AGGRESSIVE;
				CLANG_CXX_LANGUAGE_STANDARD = "gnu++17";
				CLANG_ENABLE_MODULES = YES;
				CLANG_ENABLE_OBJC_ARC = YES;
				CLANG_ENABLE_OBJC_WEAK = YES;
				CLANG_WARN_BLOCK_CAPTURE_AUTORELEASING = YES;
				CLANG_WARN_BOOL_CONVERSION = YES;
				CLANG_WARN_COMMA = YES;
				CLANG_WARN_CONSTANT_CONVERSION = YES;
				CLANG_WARN_DEPRECATED_OBJC_IMPLEMENTATIONS = YES;
				CLANG_WARN_DIRECT_OBJC_ISA_USAGE = YES_ERROR;
				CLANG_WARN_DOCUMENTATION_COMMENTS = YES;
				CLANG_WARN_EMPTY_BODY = YES;
				CLANG_WARN_ENUM_CONVERSION = YES;
				CLANG_WARN_INFINITE_RECURSION = YES;
				CLANG_WARN_INT_CONVERSION = YES;
				CLANG_WARN_NON_LITERAL_NULL_CONVERSION = YES;
				CLANG_WARN_OBJC_IMPLICIT_RETAIN_SELF = YES;
				CLANG_WARN_OBJC_LITERAL_CONVERSION = YES;
				CLANG_WARN_OBJC_ROOT_CLASS = YES_ERROR;
				CLANG_WARN_QUOTED_INCLUDE_IN_FRAMEWORK_HEADER = YES;
				CLANG_WARN_RANGE_LOOP_ANALYSIS = YES;
				CLANG_WARN_STRICT_PROTOTYPES = YES;
				CLANG_WARN_SUSPICIOUS_MOVE = YES;
				CLANG_WARN_UNGUARDED_AVAILABILITY = YES_AGGRESSIVE;
				CLANG_WARN_UNREACHABLE_CODE = YES;
				CLANG_WARN__DUPLICATE_METHOD_MATCH = YES;
				COPY_PHASE_STRIP = NO;
				DEBUG_INFORMATION_FORMAT = "dwarf-with-dsym";
				ENABLE_NS_ASSERTIONS = NO;
				ENABLE_STRICT_OBJC_MSGSEND = YES;
				GCC_C_LANGUAGE_STANDARD = gnu11;
				GCC_NO_COMMON_BLOCKS = YES;
				GCC_WARN_64_TO_32_BIT_CONVERSION = YES;
				GCC_WARN_ABOUT_RETURN_TYPE = YES_ERROR;
				GCC_WARN_UNDECLARED_SELECTOR = YES;
				GCC_WARN_UNINITIALIZED_AUTOS = YES_AGGRESSIVE;
				GCC_WARN_UNUSED_FUNCTION = YES;
				GCC_WARN_UNUSED_VARIABLE = YES;
				IPHONEOS_DEPLOYMENT_TARGET = 15.5;
				MTL_ENABLE_DEBUG_INFO = NO;
				MTL_FAST_MATH = YES;
				SDKROOT = iphoneos;
				SWIFT_COMPILATION_MODE = wholemodule;
				SWIFT_OPTIMIZATION_LEVEL = "-O";
				VALIDATE_PRODUCT = YES;
			};
			name = Release;
		};
		D93813F4297B10E500A0A3DF /* Debug */ = {
			isa = XCBuildConfiguration;
			buildSettings = {
				ASSETCATALOG_COMPILER_APPICON_NAME = AppIcon;
				ASSETCATALOG_COMPILER_GLOBAL_ACCENT_COLOR_NAME = AccentColor;
				CODE_SIGN_ENTITLEMENTS = LearnPiano/LearnPiano.entitlements;
				CODE_SIGN_STYLE = Automatic;
				CURRENT_PROJECT_VERSION = 1;
				DEVELOPMENT_TEAM = MW99RRP4BD;
				GENERATE_INFOPLIST_FILE = YES;
				INFOPLIST_FILE = LearnPiano/Info.plist;
				INFOPLIST_KEY_UIApplicationSupportsIndirectInputEvents = YES;
				INFOPLIST_KEY_UILaunchStoryboardName = LaunchScreen;
				INFOPLIST_KEY_UIMainStoryboardFile = Main;
				INFOPLIST_KEY_UISupportedInterfaceOrientations_iPad = "UIInterfaceOrientationPortrait UIInterfaceOrientationPortraitUpsideDown UIInterfaceOrientationLandscapeLeft UIInterfaceOrientationLandscapeRight";
				INFOPLIST_KEY_UISupportedInterfaceOrientations_iPhone = "UIInterfaceOrientationPortrait UIInterfaceOrientationLandscapeLeft UIInterfaceOrientationLandscapeRight";
				LD_RUNPATH_SEARCH_PATHS = (
					"$(inherited)",
					"@executable_path/Frameworks",
				);
				MARKETING_VERSION = 1.0;
				PRODUCT_BUNDLE_IDENTIFIER = nikiforov.LearnPiano;
				PRODUCT_NAME = "$(TARGET_NAME)";
				SUPPORTS_MACCATALYST = YES;
				SWIFT_EMIT_LOC_STRINGS = YES;
				SWIFT_VERSION = 5.0;
				TARGETED_DEVICE_FAMILY = "1,2";
			};
			name = Debug;
		};
		D93813F5297B10E500A0A3DF /* Release */ = {
			isa = XCBuildConfiguration;
			buildSettings = {
				ASSETCATALOG_COMPILER_APPICON_NAME = AppIcon;
				ASSETCATALOG_COMPILER_GLOBAL_ACCENT_COLOR_NAME = AccentColor;
				CODE_SIGN_ENTITLEMENTS = LearnPiano/LearnPiano.entitlements;
				CODE_SIGN_STYLE = Automatic;
				CURRENT_PROJECT_VERSION = 1;
				DEVELOPMENT_TEAM = MW99RRP4BD;
				GENERATE_INFOPLIST_FILE = YES;
				INFOPLIST_FILE = LearnPiano/Info.plist;
				INFOPLIST_KEY_UIApplicationSupportsIndirectInputEvents = YES;
				INFOPLIST_KEY_UILaunchStoryboardName = LaunchScreen;
				INFOPLIST_KEY_UIMainStoryboardFile = Main;
				INFOPLIST_KEY_UISupportedInterfaceOrientations_iPad = "UIInterfaceOrientationPortrait UIInterfaceOrientationPortraitUpsideDown UIInterfaceOrientationLandscapeLeft UIInterfaceOrientationLandscapeRight";
				INFOPLIST_KEY_UISupportedInterfaceOrientations_iPhone = "UIInterfaceOrientationPortrait UIInterfaceOrientationLandscapeLeft UIInterfaceOrientationLandscapeRight";
				LD_RUNPATH_SEARCH_PATHS = (
					"$(inherited)",
					"@executable_path/Frameworks",
				);
				MARKETING_VERSION = 1.0;
				PRODUCT_BUNDLE_IDENTIFIER = nikiforov.LearnPiano;
				PRODUCT_NAME = "$(TARGET_NAME)";
				SUPPORTS_MACCATALYST = YES;
				SWIFT_EMIT_LOC_STRINGS = YES;
				SWIFT_VERSION = 5.0;
				TARGETED_DEVICE_FAMILY = "1,2";
			};
			name = Release;
		};
/* End XCBuildConfiguration section */

/* Begin XCConfigurationList section */
		D93813DA297B10E100A0A3DF /* Build configuration list for PBXProject "LearnPiano" */ = {
			isa = XCConfigurationList;
			buildConfigurations = (
				D93813F1297B10E500A0A3DF /* Debug */,
				D93813F2297B10E500A0A3DF /* Release */,
			);
			defaultConfigurationIsVisible = 0;
			defaultConfigurationName = Release;
		};
		D93813F3297B10E500A0A3DF /* Build configuration list for PBXNativeTarget "LearnPiano" */ = {
			isa = XCConfigurationList;
			buildConfigurations = (
				D93813F4297B10E500A0A3DF /* Debug */,
				D93813F5297B10E500A0A3DF /* Release */,
			);
			defaultConfigurationIsVisible = 0;
			defaultConfigurationName = Release;
		};
/* End XCConfigurationList section */

/* Begin XCRemoteSwiftPackageReference section */
		8A7C70D829B703340068178D /* XCRemoteSwiftPackageReference "SnapKit" */ = {
			isa = XCRemoteSwiftPackageReference;
			repositoryURL = "https://github.com/SnapKit/SnapKit.git";
			requirement = {
				kind = upToNextMajorVersion;
				minimumVersion = 5.0.0;
			};
		};
		D93813F7297B12EB00A0A3DF /* XCRemoteSwiftPackageReference "midiparser" */ = {
			isa = XCRemoteSwiftPackageReference;
			repositoryURL = "https://gitlab.com/oktrus/midiparser.git";
			requirement = {
				branch = master;
				kind = branch;
			};
		};
		D93813FA297B13C600A0A3DF /* XCRemoteSwiftPackageReference "AudioKit" */ = {
			isa = XCRemoteSwiftPackageReference;
			repositoryURL = "https://github.com/AudioKit/AudioKit.git";
			requirement = {
				kind = upToNextMajorVersion;
				minimumVersion = 5.0.0;
			};
		};
/* End XCRemoteSwiftPackageReference section */

/* Begin XCSwiftPackageProductDependency section */
		8A7C70D929B703340068178D /* SnapKit */ = {
			isa = XCSwiftPackageProductDependency;
			package = 8A7C70D829B703340068178D /* XCRemoteSwiftPackageReference "SnapKit" */;
			productName = SnapKit;
		};
		D93813F8297B12EB00A0A3DF /* MidiParser */ = {
			isa = XCSwiftPackageProductDependency;
			package = D93813F7297B12EB00A0A3DF /* XCRemoteSwiftPackageReference "midiparser" */;
			productName = MidiParser;
		};
		D93813FB297B13C600A0A3DF /* AudioKit */ = {
			isa = XCSwiftPackageProductDependency;
			package = D93813FA297B13C600A0A3DF /* XCRemoteSwiftPackageReference "AudioKit" */;
			productName = AudioKit;
		};
/* End XCSwiftPackageProductDependency section */
	};
	rootObject = D93813D7297B10E100A0A3DF /* Project object */;
}
